
Microsoft Visual Studio Solution File, Format Version 12.00
# Visual Studio Version 16
VisualStudioVersion = 16.0.30517.126
MinimumVisualStudioVersion = 10.0.40219.1
Project("{FAE04EC0-301F-11D3-BF4B-00C04F79EFBC}") = "PM.MVC", "PM.MVC\PM.MVC.csproj", "{6F01B9A2-EFC3-49A5-8A66-CEE7998EEF45}"
EndProject
Global
	GlobalSection(SolutionConfigurationPlatforms) = preSolution
		Debug|Any CPU = Debug|Any CPU
		Release|Any CPU = Release|Any CPU
	EndGlobalSection
	GlobalSection(ProjectConfigurationPlatforms) = postSolution
		{6F01B9A2-EFC3-49A5-8A66-CEE7998EEF45}.Debug|Any CPU.ActiveCfg = Debug|Any CPU
		{6F01B9A2-EFC3-49A5-8A66-CEE7998EEF45}.Debug|Any CPU.Build.0 = Debug|Any CPU
		{6F01B9A2-EFC3-49A5-8A66-CEE7998EEF45}.Release|Any CPU.ActiveCfg = Release|Any CPU
		{6F01B9A2-EFC3-49A5-8A66-CEE7998EEF45}.Release|Any CPU.Build.0 = Release|Any CPU
	EndGlobalSection
	GlobalSection(SolutionProperties) = preSolution
		HideSolutionNode = FALSE
	EndGlobalSection
	GlobalSection(ExtensibilityGlobals) = postSolution
		SolutionGuid = {8AFA4455-9AF8-4C71-9253-CDC07BCA03D0}
	EndGlobalSection
EndGlobal
